// !$*UTF8*$!
{
	archiveVersion = 1;
	classes = {
	};
	objectVersion = 77;
	objects = {

/* Begin PBXContainerItemProxy section */
		042F05A32DE3B0090096362C /* PBXContainerItemProxy */ = {
			isa = PBXContainerItemProxy;
			containerPortal = 042F058C2DE3B0070096362C /* Project object */;
			proxyType = 1;
			remoteGlobalIDString = 042F05932DE3B0070096362C;
			remoteInfo = MyAgent;
		};
		042F05AD2DE3B0090096362C /* PBXContainerItemProxy */ = {
			isa = PBXContainerItemProxy;
			containerPortal = 042F058C2DE3B0070096362C /* Project object */;
			proxyType = 1;
			remoteGlobalIDString = 042F05932DE3B0070096362C;
			remoteInfo = MyAgent;
		};
/* End PBXContainerItemProxy section */

/* Begin PBXFileReference section */
		042F05942DE3B0070096362C /* MyAgent.app */ = {isa = PBXFileReference; explicitFileType = wrapper.application; includeInIndex = 0; path = MyAgent.app; sourceTree = BUILT_PRODUCTS_DIR; };
		042F05A22DE3B0090096362C /* MyAgentTests.xctest */ = {isa = PBXFileReference; explicitFileType = wrapper.cfbundle; includeInIndex = 0; path = MyAgentTests.xctest; sourceTree = BUILT_PRODUCTS_DIR; };
		042F05AC2DE3B0090096362C /* MyAgentUITests.xctest */ = {isa = PBXFileReference; explicitFileType = wrapper.cfbundle; includeInIndex = 0; path = MyAgentUITests.xctest; sourceTree = BUILT_PRODUCTS_DIR; };
/* End PBXFileReference section */

/* Begin PBXFileSystemSynchronizedRootGroup section */
		042F05962DE3B0070096362C /* MyAgent */ = {
			isa = PBXFileSystemSynchronizedRootGroup;
			path = MyAgent;
			sourceTree = "<group>";
		};
		042F05A52DE3B0090096362C /* MyAgentTests */ = {
			isa = PBXFileSystemSynchronizedRootGroup;
			path = MyAgentTests;
			sourceTree = "<group>";
		};
		042F05AF2DE3B0090096362C /* MyAgentUITests */ = {
			isa = PBXFileSystemSynchronizedRootGroup;
			path = MyAgentUITests;
			sourceTree = "<group>";
		};
/* End PBXFileSystemSynchronizedRootGroup section */

/* Begin PBXFrameworksBuildPhase section */
		042F05912DE3B0070096362C /* Frameworks */ = {
			isa = PBXFrameworksBuildPhase;
			buildActionMask = 2147483647;
			files = (
			);
			runOnlyForDeploymentPostprocessing = 0;
		};
		042F059F2DE3B0090096362C /* Frameworks */ = {
			isa = PBXFrameworksBuildPhase;
			buildActionMask = 2147483647;
			files = (
			);
			runOnlyForDeploymentPostprocessing = 0;
		};
		042F05A92DE3B0090096362C /* Frameworks */ = {
			isa = PBXFrameworksBuildPhase;
			buildActionMask = 2147483647;
			files = (
			);
			runOnlyForDeploymentPostprocessing = 0;
		};
/* End PBXFrameworksBuildPhase section */

/* Begin PBXGroup section */
		042F058B2DE3B0070096362C = {
			isa = PBXGroup;
			children = (
				042F05962DE3B0070096362C /* MyAgent */,
				042F05A52DE3B0090096362C /* MyAgentTests */,
				042F05AF2DE3B0090096362C /* MyAgentUITests */,
				042F05952DE3B0070096362C /* Products */,
			);
			sourceTree = "<group>";
		};
		042F05952DE3B0070096362C /* Products */ = {
			isa = PBXGroup;
			children = (
				042F05942DE3B0070096362C /* MyAgent.app */,
				042F05A22DE3B0090096362C /* MyAgentTests.xctest */,
				042F05AC2DE3B0090096362C /* MyAgentUITests.xctest */,
			);
			name = Products;
			sourceTree = "<group>";
		};
/* End PBXGroup section */

/* Begin PBXNativeTarget section */
		042F05932DE3B0070096362C /* MyAgent */ = {
			isa = PBXNativeTarget;
			buildConfigurationList = 042F05B62DE3B0090096362C /* Build configuration list for PBXNativeTarget "MyAgent" */;
			buildPhases = (
				042F05902DE3B0070096362C /* Sources */,
				042F05912DE3B0070096362C /* Frameworks */,
				042F05922DE3B0070096362C /* Resources */,
			);
			buildRules = (
			);
			dependencies = (
			);
			fileSystemSynchronizedGroups = (
				042F05962DE3B0070096362C /* MyAgent */,
			);
			name = MyAgent;
			packageProductDependencies = (
			);
			productName = MyAgent;
			productReference = 042F05942DE3B0070096362C /* MyAgent.app */;
			productType = "com.apple.product-type.application";
		};
		042F05A12DE3B0090096362C /* MyAgentTests */ = {
			isa = PBXNativeTarget;
			buildConfigurationList = 042F05B92DE3B0090096362C /* Build configuration list for PBXNativeTarget "MyAgentTests" */;
			buildPhases = (
				042F059E2DE3B0090096362C /* Sources */,
				042F059F2DE3B0090096362C /* Frameworks */,
				042F05A02DE3B0090096362C /* Resources */,
			);
			buildRules = (
			);
			dependencies = (
				042F05A42DE3B0090096362C /* PBXTargetDependency */,
			);
			fileSystemSynchronizedGroups = (
				042F05A52DE3B0090096362C /* MyAgentTests */,
			);
			name = MyAgentTests;
			packageProductDependencies = (
			);
			productName = MyAgentTests;
			productReference = 042F05A22DE3B0090096362C /* MyAgentTests.xctest */;
			productType = "com.apple.product-type.bundle.unit-test";
		};
		042F05AB2DE3B0090096362C /* MyAgentUITests */ = {
			isa = PBXNativeTarget;
			buildConfigurationList = 042F05BC2DE3B0090096362C /* Build configuration list for PBXNativeTarget "MyAgentUITests" */;
			buildPhases = (
				042F05A82DE3B0090096362C /* Sources */,
				042F05A92DE3B0090096362C /* Frameworks */,
				042F05AA2DE3B0090096362C /* Resources */,
			);
			buildRules = (
			);
			dependencies = (
				042F05AE2DE3B0090096362C /* PBXTargetDependency */,
			);
			fileSystemSynchronizedGroups = (
				042F05AF2DE3B0090096362C /* MyAgentUITests */,
			);
			name = MyAgentUITests;
			packageProductDependencies = (
			);
			productName = MyAgentUITests;
			productReference = 042F05AC2DE3B0090096362C /* MyAgentUITests.xctest */;
			productType = "com.apple.product-type.bundle.ui-testing";
		};
/* End PBXNativeTarget section */

/* Begin PBXProject section */
		042F058C2DE3B0070096362C /* Project object */ = {
			isa = PBXProject;
			attributes = {
				BuildIndependentTargetsInParallel = 1;
				LastSwiftUpdateCheck = 1630;
				LastUpgradeCheck = 1630;
				TargetAttributes = {
					042F05932DE3B0070096362C = {
						CreatedOnToolsVersion = 16.3;
					};
					042F05A12DE3B0090096362C = {
						CreatedOnToolsVersion = 16.3;
						TestTargetID = 042F05932DE3B0070096362C;
					};
					042F05AB2DE3B0090096362C = {
						CreatedOnToolsVersion = 16.3;
						TestTargetID = 042F05932DE3B0070096362C;
					};
				};
			};
			buildConfigurationList = 042F058F2DE3B0070096362C /* Build configuration list for PBXProject "MyAgent" */;
			developmentRegion = en;
			hasScannedForEncodings = 0;
			knownRegions = (
				en,
				Base,
			);
			mainGroup = 042F058B2DE3B0070096362C;
			minimizedProjectReferenceProxies = 1;
			preferredProjectObjectVersion = 77;
			productRefGroup = 042F05952DE3B0070096362C /* Products */;
			projectDirPath = "";
			projectRoot = "";
			targets = (
				042F05932DE3B0070096362C /* MyAgent */,
				042F05A12DE3B0090096362C /* MyAgentTests */,
				042F05AB2DE3B0090096362C /* MyAgentUITests */,
			);
		};
/* End PBXProject section */

/* Begin PBXResourcesBuildPhase section */
		042F05922DE3B0070096362C /* Resources */ = {
			isa = PBXResourcesBuildPhase;
			buildActionMask = 2147483647;
			files = (
			);
			runOnlyForDeploymentPostprocessing = 0;
		};
		042F05A02DE3B0090096362C /* Resources */ = {
			isa = PBXResourcesBuildPhase;
			buildActionMask = 2147483647;
			files = (
			);
			runOnlyForDeploymentPostprocessing = 0;
		};
		042F05AA2DE3B0090096362C /* Resources */ = {
			isa = PBXResourcesBuildPhase;
			buildActionMask = 2147483647;
			files = (
			);
			runOnlyForDeploymentPostprocessing = 0;
		};
/* End PBXResourcesBuildPhase section */

/* Begin PBXSourcesBuildPhase section */
		042F05902DE3B0070096362C /* Sources */ = {
			isa = PBXSourcesBuildPhase;
			buildActionMask = 2147483647;
			files = (
			);
			runOnlyForDeploymentPostprocessing = 0;
		};
		042F059E2DE3B0090096362C /* Sources */ = {
			isa = PBXSourcesBuildPhase;
			buildActionMask = 2147483647;
			files = (
			);
			runOnlyForDeploymentPostprocessing = 0;
		};
		042F05A82DE3B0090096362C /* Sources */ = {
			isa = PBXSourcesBuildPhase;
			buildActionMask = 2147483647;
			files = (
			);
			runOnlyForDeploymentPostprocessing = 0;
		};
/* End PBXSourcesBuildPhase section */

/* Begin PBXTargetDependency section */
		042F05A42DE3B0090096362C /* PBXTargetDependency */ = {
			isa = PBXTargetDependency;
			target = 042F05932DE3B0070096362C /* MyAgent */;
			targetProxy = 042F05A32DE3B0090096362C /* PBXContainerItemProxy */;
		};
		042F05AE2DE3B0090096362C /* PBXTargetDependency */ = {
			isa = PBXTargetDependency;
			target = 042F05932DE3B0070096362C /* MyAgent */;
			targetProxy = 042F05AD2DE3B0090096362C /* PBXContainerItemProxy */;
		};
/* End PBXTargetDependency section */

/* Begin XCBuildConfiguration section */
		042F05B42DE3B0090096362C /* Debug */ = {
			isa = XCBuildConfiguration;
			buildSettings = {
				ALWAYS_SEARCH_USER_PATHS = NO;
				ASSETCATALOG_COMPILER_GENERATE_SWIFT_ASSET_SYMBOL_EXTENSIONS = YES;
				CLANG_ANALYZER_NONNULL = YES;
				CLANG_ANALYZER_NUMBER_OBJECT_CONVERSION = YES_AGGRESSIVE;
				CLANG_CXX_LANGUAGE_STANDARD = "gnu++20";
				CLANG_ENABLE_MODULES = YES;
				CLANG_ENABLE_OBJC_ARC = YES;
				CLANG_ENABLE_OBJC_WEAK = YES;
				CLANG_WARN_BLOCK_CAPTURE_AUTORELEASING = YES;
				CLANG_WARN_BOOL_CONVERSION = YES;
				CLANG_WARN_COMMA = YES;
				CLANG_WARN_CONSTANT_CONVERSION = YES;
				CLANG_WARN_DEPRECATED_OBJC_IMPLEMENTATIONS = YES;
				CLANG_WARN_DIRECT_OBJC_ISA_USAGE = YES_ERROR;
				CLANG_WARN_DOCUMENTATION_COMMENTS = YES;
				CLANG_WARN_EMPTY_BODY = YES;
				CLANG_WARN_ENUM_CONVERSION = YES;
				CLANG_WARN_INFINITE_RECURSION = YES;
				CLANG_WARN_INT_CONVERSION = YES;
				CLANG_WARN_NON_LITERAL_NULL_CONVERSION = YES;
				CLANG_WARN_OBJC_IMPLICIT_RETAIN_SELF = YES;
				CLANG_WARN_OBJC_LITERAL_CONVERSION = YES;
				CLANG_WARN_OBJC_ROOT_CLASS = YES_ERROR;
				CLANG_WARN_QUOTED_INCLUDE_IN_FRAMEWORK_HEADER = YES;
				CLANG_WARN_RANGE_LOOP_ANALYSIS = YES;
				CLANG_WARN_STRICT_PROTOTYPES = YES;
				CLANG_WARN_SUSPICIOUS_MOVE = YES;
				CLANG_WARN_UNGUARDED_AVAILABILITY = YES_AGGRESSIVE;
				CLANG_WARN_UNREACHABLE_CODE = YES;
				CLANG_WARN__DUPLICATE_METHOD_MATCH = YES;
				COPY_PHASE_STRIP = NO;
				DEBUG_INFORMATION_FORMAT = dwarf;
				DEVELOPMENT_TEAM = F94H695JFQ;
				ENABLE_STRICT_OBJC_MSGSEND = YES;
				ENABLE_TESTABILITY = YES;
				ENABLE_USER_SCRIPT_SANDBOXING = YES;
				GCC_C_LANGUAGE_STANDARD = gnu17;
				GCC_DYNAMIC_NO_PIC = NO;
				GCC_NO_COMMON_BLOCKS = YES;
				GCC_OPTIMIZATION_LEVEL = 0;
				GCC_PREPROCESSOR_DEFINITIONS = (
					"DEBUG=1",
					"$(inherited)",
				);
				GCC_WARN_64_TO_32_BIT_CONVERSION = YES;
				GCC_WARN_ABOUT_RETURN_TYPE = YES_ERROR;
				GCC_WARN_UNDECLARED_SELECTOR = YES;
				GCC_WARN_UNINITIALIZED_AUTOS = YES_AGGRESSIVE;
				GCC_WARN_UNUSED_FUNCTION = YES;
				GCC_WARN_UNUSED_VARIABLE = YES;
				LOCALIZATION_PREFERS_STRING_CATALOGS = YES;
				MACOSX_DEPLOYMENT_TARGET = 15.4;
				MTL_ENABLE_DEBUG_INFO = INCLUDE_SOURCE;
				MTL_FAST_MATH = YES;
				ONLY_ACTIVE_ARCH = YES;
				SDKROOT = macosx;
				SWIFT_ACTIVE_COMPILATION_CONDITIONS = "DEBUG $(inherited)";
				SWIFT_OPTIMIZATION_LEVEL = "-Onone";
			};
			name = Debug;
		};
		042F05B52DE3B0090096362C /* Release */ = {
			isa = XCBuildConfiguration;
			buildSettings = {
				ALWAYS_SEARCH_USER_PATHS = NO;
				ASSETCATALOG_COMPILER_GENERATE_SWIFT_ASSET_SYMBOL_EXTENSIONS = YES;
				CLANG_ANALYZER_NONNULL = YES;
				CLANG_ANALYZER_NUMBER_OBJECT_CONVERSION = YES_AGGRESSIVE;
				CLANG_CXX_LANGUAGE_STANDARD = "gnu++20";
				CLANG_ENABLE_MODULES = YES;
				CLANG_ENABLE_OBJC_ARC = YES;
				CLANG_ENABLE_OBJC_WEAK = YES;
				CLANG_WARN_BLOCK_CAPTURE_AUTORELEASING = YES;
				CLANG_WARN_BOOL_CONVERSION = YES;
				CLANG_WARN_COMMA = YES;
				CLANG_WARN_CONSTANT_CONVERSION = YES;
				CLANG_WARN_DEPRECATED_OBJC_IMPLEMENTATIONS = YES;
				CLANG_WARN_DIRECT_OBJC_ISA_USAGE = YES_ERROR;
				CLANG_WARN_DOCUMENTATION_COMMENTS = YES;
				CLANG_WARN_EMPTY_BODY = YES;
				CLANG_WARN_ENUM_CONVERSION = YES;
				CLANG_WARN_INFINITE_RECURSION = YES;
				CLANG_WARN_INT_CONVERSION = YES;
				CLANG_WARN_NON_LITERAL_NULL_CONVERSION = YES;
				CLANG_WARN_OBJC_IMPLICIT_RETAIN_SELF = YES;
				CLANG_WARN_OBJC_LITERAL_CONVERSION = YES;
				CLANG_WARN_OBJC_ROOT_CLASS = YES_ERROR;
				CLANG_WARN_QUOTED_INCLUDE_IN_FRAMEWORK_HEADER = YES;
				CLANG_WARN_RANGE_LOOP_ANALYSIS = YES;
				CLANG_WARN_STRICT_PROTOTYPES = YES;
				CLANG_WARN_SUSPICIOUS_MOVE = YES;
				CLANG_WARN_UNGUARDED_AVAILABILITY = YES_AGGRESSIVE;
				CLANG_WARN_UNREACHABLE_CODE = YES;
				CLANG_WARN__DUPLICATE_METHOD_MATCH = YES;
				COPY_PHASE_STRIP = NO;
				DEBUG_INFORMATION_FORMAT = "dwarf-with-dsym";
				DEVELOPMENT_TEAM = F94H695JFQ;
				ENABLE_NS_ASSERTIONS = NO;
				ENABLE_STRICT_OBJC_MSGSEND = YES;
				ENABLE_USER_SCRIPT_SANDBOXING = YES;
				GCC_C_LANGUAGE_STANDARD = gnu17;
				GCC_NO_COMMON_BLOCKS = YES;
				GCC_WARN_64_TO_32_BIT_CONVERSION = YES;
				GCC_WARN_ABOUT_RETURN_TYPE = YES_ERROR;
				GCC_WARN_UNDECLARED_SELECTOR = YES;
				GCC_WARN_UNINITIALIZED_AUTOS = YES_AGGRESSIVE;
				GCC_WARN_UNUSED_FUNCTION = YES;
				GCC_WARN_UNUSED_VARIABLE = YES;
				LOCALIZATION_PREFERS_STRING_CATALOGS = YES;
				MACOSX_DEPLOYMENT_TARGET = 15.4;
				MTL_ENABLE_DEBUG_INFO = NO;
				MTL_FAST_MATH = YES;
				SDKROOT = macosx;
				SWIFT_COMPILATION_MODE = wholemodule;
			};
			name = Release;
		};
		042F05B72DE3B0090096362C /* Debug */ = {
			isa = XCBuildConfiguration;
			buildSettings = {
				ASSETCATALOG_COMPILER_APPICON_NAME = AppIcon;
				ASSETCATALOG_COMPILER_GLOBAL_ACCENT_COLOR_NAME = AccentColor;
				CODE_SIGN_ENTITLEMENTS = MyAgent/MyAgent.entitlements;
				CODE_SIGN_STYLE = Automatic;
				COMBINE_HIDPI_IMAGES = YES;
				CURRENT_PROJECT_VERSION = 1;
				DEVELOPMENT_TEAM = F94H695JFQ;
				ENABLE_HARDENED_RUNTIME = YES;
				ENABLE_PREVIEWS = YES;
				GENERATE_INFOPLIST_FILE = YES;
				INFOPLIST_KEY_NSHumanReadableCopyright = "";
				LD_RUNPATH_SEARCH_PATHS = (
					"$(inherited)",
					"@executable_path/../Frameworks",
				);
				MARKETING_VERSION = 1.0;
				PRODUCT_BUNDLE_IDENTIFIER = ysftsdln.MyAgent;
				PRODUCT_NAME = "$(TARGET_NAME)";
				REGISTER_APP_GROUPS = YES;
				SWIFT_EMIT_LOC_STRINGS = YES;
				SWIFT_VERSION = 5.0;
			};
			name = Debug;
		};
		042F05B82DE3B0090096362C /* Release */ = {
			isa = XCBuildConfiguration;
			buildSettings = {
				ASSETCATALOG_COMPILER_APPICON_NAME = AppIcon;
				ASSETCATALOG_COMPILER_GLOBAL_ACCENT_COLOR_NAME = AccentColor;
				CODE_SIGN_ENTITLEMENTS = MyAgent/MyAgent.entitlements;
				CODE_SIGN_STYLE = Automatic;
				COMBINE_HIDPI_IMAGES = YES;
				CURRENT_PROJECT_VERSION = 1;
				DEVELOPMENT_TEAM = F94H695JFQ;
				ENABLE_HARDENED_RUNTIME = YES;
				ENABLE_PREVIEWS = YES;
				GENERATE_INFOPLIST_FILE = YES;
				INFOPLIST_KEY_NSHumanReadableCopyright = "";
				LD_RUNPATH_SEARCH_PATHS = (
					"$(inherited)",
					"@executable_path/../Frameworks",
				);
				MARKETING_VERSION = 1.0;
				PRODUCT_BUNDLE_IDENTIFIER = ysftsdln.MyAgent;
				PRODUCT_NAME = "$(TARGET_NAME)";
				REGISTER_APP_GROUPS = YES;
				SWIFT_EMIT_LOC_STRINGS = YES;
				SWIFT_VERSION = 5.0;
			};
			name = Release;
		};
		042F05BA2DE3B0090096362C /* Debug */ = {
			isa = XCBuildConfiguration;
			buildSettings = {
				BUNDLE_LOADER = "$(TEST_HOST)";
				CODE_SIGN_STYLE = Automatic;
				CURRENT_PROJECT_VERSION = 1;
				DEVELOPMENT_TEAM = F94H695JFQ;
				GENERATE_INFOPLIST_FILE = YES;
				MACOSX_DEPLOYMENT_TARGET = 15.4;
				MARKETING_VERSION = 1.0;
				PRODUCT_BUNDLE_IDENTIFIER = ysftsdln.MyAgentTests;
				PRODUCT_NAME = "$(TARGET_NAME)";
				SWIFT_EMIT_LOC_STRINGS = NO;
				SWIFT_VERSION = 5.0;
				TEST_HOST = "$(BUILT_PRODUCTS_DIR)/MyAgent.app/$(BUNDLE_EXECUTABLE_FOLDER_PATH)/MyAgent";
			};
			name = Debug;
		};
		042F05BB2DE3B0090096362C /* Release */ = {
			isa = XCBuildConfiguration;
			buildSettings = {
				BUNDLE_LOADER = "$(TEST_HOST)";
				CODE_SIGN_STYLE = Automatic;
				CURRENT_PROJECT_VERSION = 1;
				DEVELOPMENT_TEAM = F94H695JFQ;
				GENERATE_INFOPLIST_FILE = YES;
				MACOSX_DEPLOYMENT_TARGET = 15.4;
				MARKETING_VERSION = 1.0;
				PRODUCT_BUNDLE_IDENTIFIER = ysftsdln.MyAgentTests;
				PRODUCT_NAME = "$(TARGET_NAME)";
				SWIFT_EMIT_LOC_STRINGS = NO;
				SWIFT_VERSION = 5.0;
				TEST_HOST = "$(BUILT_PRODUCTS_DIR)/MyAgent.app/$(BUNDLE_EXECUTABLE_FOLDER_PATH)/MyAgent";
			};
			name = Release;
		};
		042F05BD2DE3B0090096362C /* Debug */ = {
			isa = XCBuildConfiguration;
			buildSettings = {
				CODE_SIGN_STYLE = Automatic;
				CURRENT_PROJECT_VERSION = 1;
				DEVELOPMENT_TEAM = F94H695JFQ;
				GENERATE_INFOPLIST_FILE = YES;
				MARKETING_VERSION = 1.0;
				PRODUCT_BUNDLE_IDENTIFIER = ysftsdln.MyAgentUITests;
				PRODUCT_NAME = "$(TARGET_NAME)";
				SWIFT_EMIT_LOC_STRINGS = NO;
				SWIFT_VERSION = 5.0;
				TEST_TARGET_NAME = MyAgent;
			};
			name = Debug;
		};
		042F05BE2DE3B0090096362C /* Release */ = {
			isa = XCBuildConfiguration;
			buildSettings = {
				CODE_SIGN_STYLE = Automatic;
				CURRENT_PROJECT_VERSION = 1;
				DEVELOPMENT_TEAM = F94H695JFQ;
				GENERATE_INFOPLIST_FILE = YES;
				MARKETING_VERSION = 1.0;
				PRODUCT_BUNDLE_IDENTIFIER = ysftsdln.MyAgentUITests;
				PRODUCT_NAME = "$(TARGET_NAME)";
				SWIFT_EMIT_LOC_STRINGS = NO;
				SWIFT_VERSION = 5.0;
				TEST_TARGET_NAME = MyAgent;
			};
			name = Release;
		};
/* End XCBuildConfiguration section */

/* Begin XCConfigurationList section */
		042F058F2DE3B0070096362C /* Build configuration list for PBXProject "MyAgent" */ = {
			isa = XCConfigurationList;
			buildConfigurations = (
				042F05B42DE3B0090096362C /* Debug */,
				042F05B52DE3B0090096362C /* Release */,
			);
			defaultConfigurationIsVisible = 0;
			defaultConfigurationName = Release;
		};
		042F05B62DE3B0090096362C /* Build configuration list for PBXNativeTarget "MyAgent" */ = {
			isa = XCConfigurationList;
			buildConfigurations = (
				042F05B72DE3B0090096362C /* Debug */,
				042F05B82DE3B0090096362C /* Release */,
			);
			defaultConfigurationIsVisible = 0;
			defaultConfigurationName = Release;
		};
		042F05B92DE3B0090096362C /* Build configuration list for PBXNativeTarget "MyAgentTests" */ = {
			isa = XCConfigurationList;
			buildConfigurations = (
				042F05BA2DE3B0090096362C /* Debug */,
				042F05BB2DE3B0090096362C /* Release */,
			);
			defaultConfigurationIsVisible = 0;
			defaultConfigurationName = Release;
		};
		042F05BC2DE3B0090096362C /* Build configuration list for PBXNativeTarget "MyAgentUITests" */ = {
			isa = XCConfigurationList;
			buildConfigurations = (
				042F05BD2DE3B0090096362C /* Debug */,
				042F05BE2DE3B0090096362C /* Release */,
			);
			defaultConfigurationIsVisible = 0;
			defaultConfigurationName = Release;
		};
/* End XCConfigurationList section */
	};
	rootObject = 042F058C2DE3B0070096362C /* Project object */;
}
